{
    "version": 3,
    "terraform_version": "0.11.8",
    "serial": 58,
    "lineage": "0224b8f6-e4fb-4b1d-2fe1-1abe6da77b3f",
    "modules": [
        {
            "path": [
                "root"
            ],
            "outputs": {},
            "resources": {
                "aws_key_pair.auth": {
                    "type": "aws_key_pair",
                    "depends_on": [
                        "data.aws_vpc.tf_k8s_vpc"
                    ],
                    "primary": {
                        "id": "tf_k8s_esc",
                        "attributes": {
                            "id": "tf_k8s_esc",
                            "key_name": "tf_k8s_esc",
                            "public_key": "ssh-rsa AAAAB3NzaC1yc2EAAAADAQABAAACAQCYBZ9mjXNhDI154F7ptkTT1GuXy9fYRT/iQh361+ZlDwgy6hSnelp/JN0ZhM7qgOdE/ciVxyrsuwTg2F6WZqZh7uiYxkxcBA06+p17eh2ID1RRj/InrRikYVf6n7dd6vQmDM4VUPb3l3YLh4LTU6gUlJOmQJfgxXNouHAUUGZzxNmlXt4v6/fd0VSQhMl5tzEimTaQMtqZTO/lnK1W/ZW2/2Kgs2c7vI7HLoda/0kjF1OdBx3jDhpO6b17JHKqPkTSrIiXLIzqmWao86soRUGY+mIE1YlPYVjmHsPEPrH/RZ0mLX6R9i8BFAUsCQHBfBOD0nJN7eoWdaQi1BuBxUg2eO92VqFlX7CRhqKVRQKdaJdq8YqXL9srq1mtg36j2SZEO3PHcqWRDH3yWiZDHtQCCGO1Vh5j1k/FQvdZklTcV1/y5/nSXHVZ70zfQwITi3t+jbXan8/f58gJ3yiFfnF+ujbDK4ha57sWwGcYckpXqw/bVE+KUY0gzPHq9ae+m2W0tesmhMVnxiybA60u2L0/MUujJ2DAP/TbbllkW40ZayKtmbfWNfAGj4lbhTqR730U/9DazGieeQZln+CFSJUkOHqkmSHOm1WM9u/YBblBGcQDX4ACY/7waYS6GX5Z8MfrUqfDBf+UjcrOHl46S1apgXtpFNJ5xgWLcSaY+C0XTQ== evenssolignac@live.fr"
                        },
                        "meta": {
                            "schema_version": "1"
                        },
                        "tainted": false
                    },
                    "deposed": [],
                    "provider": "provider.aws"
                },
                "aws_security_group.tf_k8s_sg_default": {
                    "type": "aws_security_group",
                    "depends_on": [
                        "aws_subnet.tf_k8s_subnet",
                        "data.aws_vpc.tf_k8s_vpc"
                    ],
                    "primary": {
                        "id": "sg-04e26cf6d9c6ee434",
                        "attributes": {
                            "arn": "arn:aws:ec2:eu-central-1:925059019146:security-group/sg-04e26cf6d9c6ee434",
                            "description": "k8s",
                            "egress.#": "1",
                            "egress.482069346.cidr_blocks.#": "1",
                            "egress.482069346.cidr_blocks.0": "0.0.0.0/0",
                            "egress.482069346.description": "",
                            "egress.482069346.from_port": "0",
                            "egress.482069346.ipv6_cidr_blocks.#": "0",
                            "egress.482069346.prefix_list_ids.#": "0",
                            "egress.482069346.protocol": "-1",
                            "egress.482069346.security_groups.#": "0",
                            "egress.482069346.self": "false",
                            "egress.482069346.to_port": "0",
                            "id": "sg-04e26cf6d9c6ee434",
                            "ingress.#": "3",
                            "ingress.2214680975.cidr_blocks.#": "1",
                            "ingress.2214680975.cidr_blocks.0": "0.0.0.0/0",
                            "ingress.2214680975.description": "",
                            "ingress.2214680975.from_port": "80",
                            "ingress.2214680975.ipv6_cidr_blocks.#": "0",
                            "ingress.2214680975.protocol": "tcp",
                            "ingress.2214680975.security_groups.#": "0",
                            "ingress.2214680975.self": "false",
                            "ingress.2214680975.to_port": "80",
                            "ingress.2541437006.cidr_blocks.#": "1",
                            "ingress.2541437006.cidr_blocks.0": "0.0.0.0/0",
                            "ingress.2541437006.description": "",
                            "ingress.2541437006.from_port": "22",
                            "ingress.2541437006.ipv6_cidr_blocks.#": "0",
                            "ingress.2541437006.protocol": "tcp",
                            "ingress.2541437006.security_groups.#": "0",
                            "ingress.2541437006.self": "false",
                            "ingress.2541437006.to_port": "22",
                            "ingress.2753027920.cidr_blocks.#": "1",
                            "ingress.2753027920.cidr_blocks.0": "0.0.0.0/0",
                            "ingress.2753027920.description": "",
                            "ingress.2753027920.from_port": "1",
                            "ingress.2753027920.ipv6_cidr_blocks.#": "0",
                            "ingress.2753027920.protocol": "icmp",
                            "ingress.2753027920.security_groups.#": "0",
                            "ingress.2753027920.self": "false",
                            "ingress.2753027920.to_port": "1",
                            "name": "tf_k8s_sg_default",
                            "owner_id": "925059019146",
                            "revoke_rules_on_delete": "false",
                            "tags.%": "0",
                            "vpc_id": "vpc-f67a8b9e"
                        },
                        "meta": {
                            "e2bfb730-ecaa-11e6-8f88-34363bc7c4c0": {
                                "create": 600000000000,
                                "delete": 600000000000
                            },
                            "schema_version": "1"
                        },
                        "tainted": false
                    },
                    "deposed": [],
                    "provider": "provider.aws"
                },
                "aws_security_group.tf_k8s_sg_subnet": {
                    "type": "aws_security_group",
                    "depends_on": [
                        "aws_subnet.tf_k8s_subnet",
                        "aws_vpc.tf_k8s_vpc",
                        "data.aws_vpc.tf_k8s_vpc"
                    ],
                    "primary": {
                        "id": "sg-0e722f643c9bce33e",
                        "attributes": {
                            "arn": "arn:aws:ec2:eu-central-1:925059019146:security-group/sg-0e722f643c9bce33e",
                            "description": "k8s_sg_subnet",
                            "egress.#": "1",
                            "egress.482069346.cidr_blocks.#": "1",
                            "egress.482069346.cidr_blocks.0": "0.0.0.0/0",
                            "egress.482069346.description": "",
                            "egress.482069346.from_port": "0",
                            "egress.482069346.ipv6_cidr_blocks.#": "0",
                            "egress.482069346.prefix_list_ids.#": "0",
                            "egress.482069346.protocol": "-1",
                            "egress.482069346.security_groups.#": "0",
                            "egress.482069346.self": "false",
                            "egress.482069346.to_port": "0",
                            "id": "sg-0e722f643c9bce33e",
                            "ingress.#": "7",
                            "ingress.1197113655.cidr_blocks.#": "1",
                            "ingress.1197113655.cidr_blocks.0": "0.0.0.0/0",
                            "ingress.1197113655.description": "",
                            "ingress.1197113655.from_port": "10250",
                            "ingress.1197113655.ipv6_cidr_blocks.#": "0",
                            "ingress.1197113655.protocol": "tcp",
                            "ingress.1197113655.security_groups.#": "0",
                            "ingress.1197113655.self": "false",
                            "ingress.1197113655.to_port": "10252",
                            "ingress.1463360607.cidr_blocks.#": "1",
                            "ingress.1463360607.cidr_blocks.0": "0.0.0.0/0",
                            "ingress.1463360607.description": "",
                            "ingress.1463360607.from_port": "6443",
                            "ingress.1463360607.ipv6_cidr_blocks.#": "0",
                            "ingress.1463360607.protocol": "tcp",
                            "ingress.1463360607.security_groups.#": "0",
                            "ingress.1463360607.self": "false",
                            "ingress.1463360607.to_port": "6443",
                            "ingress.1666492784.cidr_blocks.#": "1",
                            "ingress.1666492784.cidr_blocks.0": "0.0.0.0/0",
                            "ingress.1666492784.description": "",
                            "ingress.1666492784.from_port": "30000",
                            "ingress.1666492784.ipv6_cidr_blocks.#": "0",
                            "ingress.1666492784.protocol": "tcp",
                            "ingress.1666492784.security_groups.#": "0",
                            "ingress.1666492784.self": "false",
                            "ingress.1666492784.to_port": "32767",
                            "ingress.2214680975.cidr_blocks.#": "1",
                            "ingress.2214680975.cidr_blocks.0": "0.0.0.0/0",
                            "ingress.2214680975.description": "",
                            "ingress.2214680975.from_port": "80",
                            "ingress.2214680975.ipv6_cidr_blocks.#": "0",
                            "ingress.2214680975.protocol": "tcp",
                            "ingress.2214680975.security_groups.#": "0",
                            "ingress.2214680975.self": "false",
                            "ingress.2214680975.to_port": "80",
                            "ingress.2541437006.cidr_blocks.#": "1",
                            "ingress.2541437006.cidr_blocks.0": "0.0.0.0/0",
                            "ingress.2541437006.description": "",
                            "ingress.2541437006.from_port": "22",
                            "ingress.2541437006.ipv6_cidr_blocks.#": "0",
                            "ingress.2541437006.protocol": "tcp",
                            "ingress.2541437006.security_groups.#": "0",
                            "ingress.2541437006.self": "false",
                            "ingress.2541437006.to_port": "22",
                            "ingress.2753027920.cidr_blocks.#": "1",
                            "ingress.2753027920.cidr_blocks.0": "0.0.0.0/0",
                            "ingress.2753027920.description": "",
                            "ingress.2753027920.from_port": "1",
                            "ingress.2753027920.ipv6_cidr_blocks.#": "0",
                            "ingress.2753027920.protocol": "icmp",
                            "ingress.2753027920.security_groups.#": "0",
                            "ingress.2753027920.self": "false",
                            "ingress.2753027920.to_port": "1",
                            "ingress.3131067540.cidr_blocks.#": "1",
                            "ingress.3131067540.cidr_blocks.0": "0.0.0.0/0",
                            "ingress.3131067540.description": "",
                            "ingress.3131067540.from_port": "2379",
                            "ingress.3131067540.ipv6_cidr_blocks.#": "0",
                            "ingress.3131067540.protocol": "tcp",
                            "ingress.3131067540.security_groups.#": "0",
                            "ingress.3131067540.self": "false",
                            "ingress.3131067540.to_port": "2380",
                            "name": "tf_k8s_sg_subnet",
                            "owner_id": "925059019146",
                            "revoke_rules_on_delete": "false",
                            "tags.%": "0",
                            "vpc_id": "vpc-0cb0d8ed44a8ebded"
                        },
                        "meta": {
                            "e2bfb730-ecaa-11e6-8f88-34363bc7c4c0": {
                                "create": 600000000000,
                                "delete": 600000000000
                            },
                            "schema_version": "1"
                        },
                        "tainted": false
                    },
                    "deposed": [],
                    "provider": "provider.aws"
                },
                "aws_subnet.tf_k8s_subnet": {
                    "type": "aws_subnet",
                    "depends_on": [
                        "aws_vpc.tf_k8s_vpc",
                        "data.aws_vpc.tf_k8s_vpc"
                    ],
                    "primary": {
                        "id": "subnet-072751da1c329bb59",
                        "attributes": {
                            "arn": "arn:aws:ec2:eu-central-1:925059019146:subnet/subnet-072751da1c329bb59",
                            "assign_ipv6_address_on_creation": "false",
                            "availability_zone": "eu-central-1a",
                            "cidr_block": "172.10.1.0/24",
                            "id": "subnet-072751da1c329bb59",
                            "map_public_ip_on_launch": "false",
                            "tags.%": "1",
                            "tags.Name": "tf_k8s_subnet",
                            "vpc_id": "vpc-0cb0d8ed44a8ebded"
                        },
                        "meta": {
                            "schema_version": "1"
                        },
                        "tainted": false
                    },
                    "deposed": [],
                    "provider": "provider.aws"
                },
                "aws_vpc.tf_k8s_vpc": {
                    "type": "aws_vpc",
                    "depends_on": [],
                    "primary": {
                        "id": "vpc-0cb0d8ed44a8ebded",
                        "attributes": {
                            "arn": "arn:aws:ec2:eu-central-1:925059019146:vpc/vpc-0cb0d8ed44a8ebded",
                            "assign_generated_ipv6_cidr_block": "false",
                            "cidr_block": "172.10.0.0/16",
                            "default_network_acl_id": "acl-051332820e95bbb63",
                            "default_route_table_id": "rtb-0a588094caf685fe2",
                            "default_security_group_id": "sg-0b38347311f08358a",
                            "dhcp_options_id": "dopt-b79aa8de",
                            "enable_dns_hostnames": "true",
                            "enable_dns_support": "true",
                            "id": "vpc-0cb0d8ed44a8ebded",
                            "instance_tenancy": "default",
                            "main_route_table_id": "rtb-0a588094caf685fe2",
                            "tags.%": "1",
                            "tags.Name": "tf_k8s_vpc"
                        },
                        "meta": {
                            "schema_version": "1"
                        },
                        "tainted": false
                    },
                    "deposed": [],
                    "provider": "provider.aws"
                },
                "data.aws_vpc.tf_k8s_vpc": {
                    "type": "aws_vpc",
                    "depends_on": [],
                    "primary": {
                        "id": "vpc-f67a8b9e",
                        "attributes": {
                            "arn": "arn:aws:ec2:eu-central-1:925059019146:vpc/vpc-f67a8b9e",
                            "cidr_block": "172.31.0.0/16",
                            "cidr_block_associations.#": "1",
                            "cidr_block_associations.0.association_id": "vpc-cidr-assoc-8df808e4",
                            "cidr_block_associations.0.cidr_block": "172.31.0.0/16",
                            "cidr_block_associations.0.state": "associated",
                            "default": "true",
                            "dhcp_options_id": "dopt-b79aa8de",
                            "enable_dns_hostnames": "true",
                            "enable_dns_support": "true",
                            "id": "vpc-f67a8b9e",
                            "instance_tenancy": "default",
                            "state": "available",
                            "tags.%": "0"
                        },
                        "meta": {},
                        "tainted": false
                    },
                    "deposed": [],
                    "provider": "provider.aws"
                }
            },
            "depends_on": []
        }
    ]
}
