{
    "version": 3,
    "terraform_version": "0.11.8",
    "serial": 11,
    "lineage": "6e7092b4-adb3-3fa2-e56d-519f0c6e41e9",
    "modules": [
        {
            "path": [
                "root"
            ],
            "outputs": {
                "address_jessie": {
                    "sensitive": false,
                    "type": "string",
                    "value": "ec2-54-154-226-73.eu-west-1.compute.amazonaws.com"
                },
                "address_stretch": {
                    "sensitive": false,
                    "type": "string",
                    "value": "ec2-52-210-72-191.eu-west-1.compute.amazonaws.com"
                }
            },
            "resources": {
                "aws_instance.jessie": {
                    "type": "aws_instance",
                    "depends_on": [],
                    "primary": {
                        "id": "i-0f99faf2ce34b22e4",
                        "attributes": {
                            "ami": "ami-3291be54",
                            "arn": "arn:aws:ec2:eu-west-1:925059019146:instance/i-0f99faf2ce34b22e4",
                            "associate_public_ip_address": "true",
                            "availability_zone": "eu-west-1a",
                            "cpu_core_count": "1",
                            "cpu_threads_per_core": "1",
                            "credit_specification.#": "1",
                            "credit_specification.0.cpu_credits": "standard",
                            "disable_api_termination": "false",
                            "ebs_block_device.#": "0",
                            "ebs_optimized": "false",
                            "ephemeral_block_device.#": "0",
                            "get_password_data": "false",
                            "iam_instance_profile": "",
                            "id": "i-0f99faf2ce34b22e4",
                            "instance_state": "running",
                            "instance_type": "t2.micro",
                            "ipv6_addresses.#": "0",
                            "key_name": "ESC",
                            "monitoring": "false",
                            "network_interface.#": "0",
                            "network_interface_id": "eni-00e85c9b84fa8476a",
                            "password_data": "",
                            "placement_group": "",
                            "primary_network_interface_id": "eni-00e85c9b84fa8476a",
                            "private_dns": "ip-172-31-39-131.eu-west-1.compute.internal",
                            "private_ip": "172.31.39.131",
                            "public_dns": "ec2-54-154-226-73.eu-west-1.compute.amazonaws.com",
                            "public_ip": "54.154.226.73",
                            "root_block_device.#": "1",
                            "root_block_device.0.delete_on_termination": "true",
                            "root_block_device.0.iops": "100",
                            "root_block_device.0.volume_id": "vol-0a889b3d04b9aea7b",
                            "root_block_device.0.volume_size": "8",
                            "root_block_device.0.volume_type": "gp2",
                            "security_groups.#": "1",
                            "security_groups.74971871": "tf-icmp-http-ssh",
                            "source_dest_check": "true",
                            "subnet_id": "subnet-21ef0d79",
                            "tags.%": "0",
                            "tenancy": "default",
                            "volume_tags.%": "0",
                            "vpc_security_group_ids.#": "1",
                            "vpc_security_group_ids.1790668242": "sg-05ac86bc2403cfcb1"
                        },
                        "meta": {
                            "e2bfb730-ecaa-11e6-8f88-34363bc7c4c0": {
                                "create": 600000000000,
                                "delete": 1200000000000,
                                "update": 600000000000
                            },
                            "schema_version": "1"
                        },
                        "tainted": false
                    },
                    "deposed": [],
                    "provider": "provider.aws"
                },
                "aws_instance.stretch": {
                    "type": "aws_instance",
                    "depends_on": [],
                    "primary": {
                        "id": "i-083a5071017e611ac",
                        "attributes": {
                            "ami": "ami-05cdaf7e7b6c76277",
                            "arn": "arn:aws:ec2:eu-west-1:925059019146:instance/i-083a5071017e611ac",
                            "associate_public_ip_address": "true",
                            "availability_zone": "eu-west-1a",
                            "cpu_core_count": "1",
                            "cpu_threads_per_core": "1",
                            "credit_specification.#": "1",
                            "credit_specification.0.cpu_credits": "standard",
                            "disable_api_termination": "false",
                            "ebs_block_device.#": "0",
                            "ebs_optimized": "false",
                            "ephemeral_block_device.#": "0",
                            "get_password_data": "false",
                            "iam_instance_profile": "",
                            "id": "i-083a5071017e611ac",
                            "instance_state": "running",
                            "instance_type": "t2.micro",
                            "ipv6_addresses.#": "0",
                            "key_name": "ESC",
                            "monitoring": "false",
                            "network_interface.#": "0",
                            "network_interface_id": "eni-0e4ae4ef448db17c6",
                            "password_data": "",
                            "placement_group": "",
                            "primary_network_interface_id": "eni-0e4ae4ef448db17c6",
                            "private_dns": "ip-172-31-35-22.eu-west-1.compute.internal",
                            "private_ip": "172.31.35.22",
                            "public_dns": "ec2-52-210-72-191.eu-west-1.compute.amazonaws.com",
                            "public_ip": "52.210.72.191",
                            "root_block_device.#": "1",
                            "root_block_device.0.delete_on_termination": "true",
                            "root_block_device.0.iops": "100",
                            "root_block_device.0.volume_id": "vol-003c0ff40a1db431d",
                            "root_block_device.0.volume_size": "8",
                            "root_block_device.0.volume_type": "gp2",
                            "security_groups.#": "1",
                            "security_groups.74971871": "tf-icmp-http-ssh",
                            "source_dest_check": "true",
                            "subnet_id": "subnet-21ef0d79",
                            "tags.%": "0",
                            "tenancy": "default",
                            "volume_tags.%": "0",
                            "vpc_security_group_ids.#": "1",
                            "vpc_security_group_ids.1790668242": "sg-05ac86bc2403cfcb1"
                        },
                        "meta": {
                            "e2bfb730-ecaa-11e6-8f88-34363bc7c4c0": {
                                "create": 600000000000,
                                "delete": 1200000000000,
                                "update": 600000000000
                            },
                            "schema_version": "1"
                        },
                        "tainted": false
                    },
                    "deposed": [],
                    "provider": "provider.aws"
                },
                "aws_key_pair.auth": {
                    "type": "aws_key_pair",
                    "depends_on": [],
                    "primary": {
                        "id": "ESC",
                        "attributes": {
                            "id": "ESC",
                            "key_name": "ESC",
                            "public_key": "ssh-rsa AAAAB3NzaC1yc2EAAAADAQABAAACAQCYBZ9mjXNhDI154F7ptkTT1GuXy9fYRT/iQh361+ZlDwgy6hSnelp/JN0ZhM7qgOdE/ciVxyrsuwTg2F6WZqZh7uiYxkxcBA06+p17eh2ID1RRj/InrRikYVf6n7dd6vQmDM4VUPb3l3YLh4LTU6gUlJOmQJfgxXNouHAUUGZzxNmlXt4v6/fd0VSQhMl5tzEimTaQMtqZTO/lnK1W/ZW2/2Kgs2c7vI7HLoda/0kjF1OdBx3jDhpO6b17JHKqPkTSrIiXLIzqmWao86soRUGY+mIE1YlPYVjmHsPEPrH/RZ0mLX6R9i8BFAUsCQHBfBOD0nJN7eoWdaQi1BuBxUg2eO92VqFlX7CRhqKVRQKdaJdq8YqXL9srq1mtg36j2SZEO3PHcqWRDH3yWiZDHtQCCGO1Vh5j1k/FQvdZklTcV1/y5/nSXHVZ70zfQwITi3t+jbXan8/f58gJ3yiFfnF+ujbDK4ha57sWwGcYckpXqw/bVE+KUY0gzPHq9ae+m2W0tesmhMVnxiybA60u2L0/MUujJ2DAP/TbbllkW40ZayKtmbfWNfAGj4lbhTqR730U/9DazGieeQZln+CFSJUkOHqkmSHOm1WM9u/YBblBGcQDX4ACY/7waYS6GX5Z8MfrUqfDBf+UjcrOHl46S1apgXtpFNJ5xgWLcSaY+C0XTQ== evenssolignac@live.fr"
                        },
                        "meta": {
                            "schema_version": "1"
                        },
                        "tainted": false
                    },
                    "deposed": [],
                    "provider": "provider.aws"
                },
                "aws_security_group.tf-icmp-http-ssh": {
                    "type": "aws_security_group",
                    "depends_on": [],
                    "primary": {
                        "id": "sg-05ac86bc2403cfcb1",
                        "attributes": {
                            "arn": "arn:aws:ec2:eu-west-1:925059019146:security-group/sg-05ac86bc2403cfcb1",
                            "description": "ICMP/SSH/HTTP",
                            "egress.#": "1",
                            "egress.482069346.cidr_blocks.#": "1",
                            "egress.482069346.cidr_blocks.0": "0.0.0.0/0",
                            "egress.482069346.description": "",
                            "egress.482069346.from_port": "0",
                            "egress.482069346.ipv6_cidr_blocks.#": "0",
                            "egress.482069346.prefix_list_ids.#": "0",
                            "egress.482069346.protocol": "-1",
                            "egress.482069346.security_groups.#": "0",
                            "egress.482069346.self": "false",
                            "egress.482069346.to_port": "0",
                            "id": "sg-05ac86bc2403cfcb1",
                            "ingress.#": "3",
                            "ingress.2214680975.cidr_blocks.#": "1",
                            "ingress.2214680975.cidr_blocks.0": "0.0.0.0/0",
                            "ingress.2214680975.description": "",
                            "ingress.2214680975.from_port": "80",
                            "ingress.2214680975.ipv6_cidr_blocks.#": "0",
                            "ingress.2214680975.protocol": "tcp",
                            "ingress.2214680975.security_groups.#": "0",
                            "ingress.2214680975.self": "false",
                            "ingress.2214680975.to_port": "80",
                            "ingress.2541437006.cidr_blocks.#": "1",
                            "ingress.2541437006.cidr_blocks.0": "0.0.0.0/0",
                            "ingress.2541437006.description": "",
                            "ingress.2541437006.from_port": "22",
                            "ingress.2541437006.ipv6_cidr_blocks.#": "0",
                            "ingress.2541437006.protocol": "tcp",
                            "ingress.2541437006.security_groups.#": "0",
                            "ingress.2541437006.self": "false",
                            "ingress.2541437006.to_port": "22",
                            "ingress.2753027920.cidr_blocks.#": "1",
                            "ingress.2753027920.cidr_blocks.0": "0.0.0.0/0",
                            "ingress.2753027920.description": "",
                            "ingress.2753027920.from_port": "1",
                            "ingress.2753027920.ipv6_cidr_blocks.#": "0",
                            "ingress.2753027920.protocol": "icmp",
                            "ingress.2753027920.security_groups.#": "0",
                            "ingress.2753027920.self": "false",
                            "ingress.2753027920.to_port": "1",
                            "name": "tf-icmp-http-ssh",
                            "owner_id": "925059019146",
                            "revoke_rules_on_delete": "false",
                            "tags.%": "0",
                            "vpc_id": "vpc-db4e8abf"
                        },
                        "meta": {
                            "e2bfb730-ecaa-11e6-8f88-34363bc7c4c0": {
                                "create": 600000000000,
                                "delete": 600000000000
                            },
                            "schema_version": "1"
                        },
                        "tainted": false
                    },
                    "deposed": [],
                    "provider": "provider.aws"
                }
            },
            "depends_on": []
        }
    ]
}
